
Microsoft Visual Studio Solution File, Format Version 12.00
# Visual Studio 2012
Project("{FAE04EC0-301F-11D3-BF4B-00C04F79EFBC}") = "ComicBookGallery", "ComicBookGallery\ComicBookGallery.csproj", "{9F2E9B37-4666-43C0-82EB-AF2D55E85167}"
EndProject
Project("{FAE04EC0-301F-11D3-BF4B-00C04F79EFBC}") = "ComicBookGallery.Tests", "ComicBookGallery.Tests\ComicBookGallery.Tests.csproj", "{E5249FB6-C1F6-4012-8679-AF4C55864652}"
EndProject
Global
	GlobalSection(SolutionConfigurationPlatforms) = preSolution
		Debug|Any CPU = Debug|Any CPU
		Release|Any CPU = Release|Any CPU
	EndGlobalSection
	GlobalSection(ProjectConfigurationPlatforms) = postSolution
		{9F2E9B37-4666-43C0-82EB-AF2D55E85167}.Debug|Any CPU.ActiveCfg = Debug|Any CPU
		{9F2E9B37-4666-43C0-82EB-AF2D55E85167}.Debug|Any CPU.Build.0 = Debug|Any CPU
		{9F2E9B37-4666-43C0-82EB-AF2D55E85167}.Release|Any CPU.ActiveCfg = Release|Any CPU
		{9F2E9B37-4666-43C0-82EB-AF2D55E85167}.Release|Any CPU.Build.0 = Release|Any CPU
		{E5249FB6-C1F6-4012-8679-AF4C55864652}.Debug|Any CPU.ActiveCfg = Debug|Any CPU
		{E5249FB6-C1F6-4012-8679-AF4C55864652}.Debug|Any CPU.Build.0 = Debug|Any CPU
		{E5249FB6-C1F6-4012-8679-AF4C55864652}.Release|Any CPU.ActiveCfg = Release|Any CPU
		{E5249FB6-C1F6-4012-8679-AF4C55864652}.Release|Any CPU.Build.0 = Release|Any CPU
	EndGlobalSection
EndGlobal
